
Microsoft Visual Studio Solution File, Format Version 12.00
# Visual Studio Version 17
VisualStudioVersion = 17.9.34728.123
MinimumVisualStudioVersion = 10.0.40219.1
Project("{FAE04EC0-301F-11D3-BF4B-00C04F79EFBC}") = "01_SingleResponsibility", "01_SingleResponsibility\01_SingleResponsibility.csproj", "{4CEFC2E0-314D-4802-80F0-7478F8802CBA}"
EndProject
Project("{FAE04EC0-301F-11D3-BF4B-00C04F79EFBC}") = "02_OpenClosed", "02_OpenClosed\02_OpenClosed.csproj", "{039E39BC-4BD2-4AF0-83B8-736174BEF445}"
EndProject
Project("{FAE04EC0-301F-11D3-BF4B-00C04F79EFBC}") = "03_LiskovSubsitution", "03_LiskovSubsitution\03_LiskovSubsitution.csproj", "{4AFC1270-AE91-44B4-92B9-EBC012F2347F}"
EndProject
Project("{FAE04EC0-301F-11D3-BF4B-00C04F79EFBC}") = "04_InterfaceSegregation", "04_InterfaceSegregation\04_InterfaceSegregation.csproj", "{70A17DA9-C198-4F6D-87BA-1865223130E1}"
EndProject
Project("{FAE04EC0-301F-11D3-BF4B-00C04F79EFBC}") = "05_DependencyInversion", "05_DependencyInversion\05_DependencyInversion.csproj", "{B4E397F9-5FCE-46B2-939A-F5C0263CA1E0}"
EndProject
Global
	GlobalSection(SolutionConfigurationPlatforms) = preSolution
		Debug|Any CPU = Debug|Any CPU
		Release|Any CPU = Release|Any CPU
	EndGlobalSection
	GlobalSection(ProjectConfigurationPlatforms) = postSolution
		{4CEFC2E0-314D-4802-80F0-7478F8802CBA}.Debug|Any CPU.ActiveCfg = Debug|Any CPU
		{4CEFC2E0-314D-4802-80F0-7478F8802CBA}.Debug|Any CPU.Build.0 = Debug|Any CPU
		{4CEFC2E0-314D-4802-80F0-7478F8802CBA}.Release|Any CPU.ActiveCfg = Release|Any CPU
		{4CEFC2E0-314D-4802-80F0-7478F8802CBA}.Release|Any CPU.Build.0 = Release|Any CPU
		{039E39BC-4BD2-4AF0-83B8-736174BEF445}.Debug|Any CPU.ActiveCfg = Debug|Any CPU
		{039E39BC-4BD2-4AF0-83B8-736174BEF445}.Debug|Any CPU.Build.0 = Debug|Any CPU
		{039E39BC-4BD2-4AF0-83B8-736174BEF445}.Release|Any CPU.ActiveCfg = Release|Any CPU
		{039E39BC-4BD2-4AF0-83B8-736174BEF445}.Release|Any CPU.Build.0 = Release|Any CPU
		{4AFC1270-AE91-44B4-92B9-EBC012F2347F}.Debug|Any CPU.ActiveCfg = Debug|Any CPU
		{4AFC1270-AE91-44B4-92B9-EBC012F2347F}.Debug|Any CPU.Build.0 = Debug|Any CPU
		{4AFC1270-AE91-44B4-92B9-EBC012F2347F}.Release|Any CPU.ActiveCfg = Release|Any CPU
		{4AFC1270-AE91-44B4-92B9-EBC012F2347F}.Release|Any CPU.Build.0 = Release|Any CPU
		{70A17DA9-C198-4F6D-87BA-1865223130E1}.Debug|Any CPU.ActiveCfg = Debug|Any CPU
		{70A17DA9-C198-4F6D-87BA-1865223130E1}.Debug|Any CPU.Build.0 = Debug|Any CPU
		{70A17DA9-C198-4F6D-87BA-1865223130E1}.Release|Any CPU.ActiveCfg = Release|Any CPU
		{70A17DA9-C198-4F6D-87BA-1865223130E1}.Release|Any CPU.Build.0 = Release|Any CPU
		{B4E397F9-5FCE-46B2-939A-F5C0263CA1E0}.Debug|Any CPU.ActiveCfg = Debug|Any CPU
		{B4E397F9-5FCE-46B2-939A-F5C0263CA1E0}.Debug|Any CPU.Build.0 = Debug|Any CPU
		{B4E397F9-5FCE-46B2-939A-F5C0263CA1E0}.Release|Any CPU.ActiveCfg = Release|Any CPU
		{B4E397F9-5FCE-46B2-939A-F5C0263CA1E0}.Release|Any CPU.Build.0 = Release|Any CPU
	EndGlobalSection
	GlobalSection(SolutionProperties) = preSolution
		HideSolutionNode = FALSE
	EndGlobalSection
	GlobalSection(ExtensibilityGlobals) = postSolution
		SolutionGuid = {0C98D92E-724D-49B0-8271-954ABD672250}
	EndGlobalSection
EndGlobal
